<<<<<<< HEAD
NeoBundleLock neobundle.vim 033911a11c55d0eb0b36edc60854e27436311a55
NeoBundleLock neocomplcache 778181767467b8f8016828898779a646074d883a
NeoBundleLock neocomplete-rsense.vim a8b7460a41eb96aa1c9e49b231dd95e216c8dc2d
NeoBundleLock neomru.vim e72bef33c7f6af3d17c9968f9ac7bb2fda2a2bde
NeoBundleLock nerdtree 3b98a7fcae8f9fff356907171f0406ff8cd28921
NeoBundleLock unite.vim afbe9a4fd666634dda770a5348cb128716add01b
NeoBundleLock vim-ansible-yaml 7067ab058866ec150cc27eaf954cbe04180d3256
NeoBundleLock vim-colors-solarized 528a59f26d12278698bb946f8fb82a63711eec21
NeoBundleLock vim-endwise bba43b831ae0485cf9b86d16340a6a314b927391
NeoBundleLock vim-powerline 09c0cea859a2e0989eea740655b35976d951a84e
NeoBundleLock vim-quickrun 72e2bd74f6a541ddee856eaafb655825789d91fa
NeoBundleLock vimfiler.vim e65aaf9498fb52ba248027fc55f379bb030532a0
NeoBundleLock vimproc ec8264063c1d46f88e74e6291d615d516f3fca8f
NeoBundleLock vimshell 4939e10609c434becf6423b2f3876bb9c2be3464
=======
NeoBundleLock neobundle.vim da586948ea027442d6c1b724e3b8c0937e224454
NeoBundleLock neocomplcache 5aee5350e4eb54643b16ce84184b4ad218a11445
NeoBundleLock neomru.vim 5aee5350e4eb54643b16ce84184b4ad218a11445
NeoBundleLock nerdtree 5aee5350e4eb54643b16ce84184b4ad218a11445
NeoBundleLock unite.vim 5aee5350e4eb54643b16ce84184b4ad218a11445
NeoBundleLock vim-ansible-yaml 5aee5350e4eb54643b16ce84184b4ad218a11445
NeoBundleLock vim-colors-solarized 5aee5350e4eb54643b16ce84184b4ad218a11445
NeoBundleLock vim-endwise 5aee5350e4eb54643b16ce84184b4ad218a11445
NeoBundleLock vim-powerline 5aee5350e4eb54643b16ce84184b4ad218a11445
NeoBundleLock vim-quickrun 5aee5350e4eb54643b16ce84184b4ad218a11445
NeoBundleLock vimfiler.vim 5aee5350e4eb54643b16ce84184b4ad218a11445
NeoBundleLock vimshell 5aee5350e4eb54643b16ce84184b4ad218a11445
>>>>>>> origin/master
