NeoBundleLock neobundle.vim da586948ea027442d6c1b724e3b8c0937e224454
NeoBundleLock neocomplcache 5aee5350e4eb54643b16ce84184b4ad218a11445
NeoBundleLock neomru.vim 5aee5350e4eb54643b16ce84184b4ad218a11445
NeoBundleLock nerdtree 5aee5350e4eb54643b16ce84184b4ad218a11445
NeoBundleLock unite.vim 5aee5350e4eb54643b16ce84184b4ad218a11445
NeoBundleLock vim-ansible-yaml 5aee5350e4eb54643b16ce84184b4ad218a11445
NeoBundleLock vim-colors-solarized 5aee5350e4eb54643b16ce84184b4ad218a11445
NeoBundleLock vim-endwise 5aee5350e4eb54643b16ce84184b4ad218a11445
NeoBundleLock vim-powerline 5aee5350e4eb54643b16ce84184b4ad218a11445
NeoBundleLock vim-quickrun 5aee5350e4eb54643b16ce84184b4ad218a11445
NeoBundleLock vimfiler.vim 5aee5350e4eb54643b16ce84184b4ad218a11445
NeoBundleLock vimshell 5aee5350e4eb54643b16ce84184b4ad218a11445
